// !$*UTF8*$!
{
	archiveVersion = 1;
	classes = {
	};
	objectVersion = 46;
	objects = {

/* Begin PBXBuildFile section */
		489E70162CC737A937EE42E2 /* Pods_YouTubeAppDemo.framework in Frameworks */ = {isa = PBXBuildFile; fileRef = 522579DC076F054B90DD871F /* Pods_YouTubeAppDemo.framework */; };
		7D603DCA1D6BE13B00F3FC7B /* AppDelegate.swift in Sources */ = {isa = PBXBuildFile; fileRef = 7D603DC91D6BE13B00F3FC7B /* AppDelegate.swift */; };
		7D603DCF1D6BE13B00F3FC7B /* Main.storyboard in Resources */ = {isa = PBXBuildFile; fileRef = 7D603DCD1D6BE13B00F3FC7B /* Main.storyboard */; };
		7D603DD11D6BE13B00F3FC7B /* Assets.xcassets in Resources */ = {isa = PBXBuildFile; fileRef = 7D603DD01D6BE13B00F3FC7B /* Assets.xcassets */; };
		7D603DD41D6BE13B00F3FC7B /* LaunchScreen.storyboard in Resources */ = {isa = PBXBuildFile; fileRef = 7D603DD21D6BE13B00F3FC7B /* LaunchScreen.storyboard */; };
		7D603DDC1D6BE42000F3FC7B /* MainTVC.swift in Sources */ = {isa = PBXBuildFile; fileRef = 7D603DDB1D6BE42000F3FC7B /* MainTVC.swift */; };
		7D603DE31D6BE52500F3FC7B /* SingleVideo.swift in Sources */ = {isa = PBXBuildFile; fileRef = 7D603DE21D6BE52500F3FC7B /* SingleVideo.swift */; };
		7D603DE71D6BE8D000F3FC7B /* VideoCell.swift in Sources */ = {isa = PBXBuildFile; fileRef = 7D603DE61D6BE8D000F3FC7B /* VideoCell.swift */; };
		7D870B081D71CFA80088A8F4 /* AllVideos.swift in Sources */ = {isa = PBXBuildFile; fileRef = 7D870B071D71CFA80088A8F4 /* AllVideos.swift */; };
/* End PBXBuildFile section */

/* Begin PBXFileReference section */
		522579DC076F054B90DD871F /* Pods_YouTubeAppDemo.framework */ = {isa = PBXFileReference; explicitFileType = wrapper.framework; includeInIndex = 0; path = Pods_YouTubeAppDemo.framework; sourceTree = BUILT_PRODUCTS_DIR; };
		7D603DC61D6BE13B00F3FC7B /* YouTubeAppDemo.app */ = {isa = PBXFileReference; explicitFileType = wrapper.application; includeInIndex = 0; path = YouTubeAppDemo.app; sourceTree = BUILT_PRODUCTS_DIR; };
		7D603DC91D6BE13B00F3FC7B /* AppDelegate.swift */ = {isa = PBXFileReference; lastKnownFileType = sourcecode.swift; path = AppDelegate.swift; sourceTree = "<group>"; };
		7D603DCE1D6BE13B00F3FC7B /* Base */ = {isa = PBXFileReference; lastKnownFileType = file.storyboard; name = Base; path = Base.lproj/Main.storyboard; sourceTree = "<group>"; };
		7D603DD01D6BE13B00F3FC7B /* Assets.xcassets */ = {isa = PBXFileReference; lastKnownFileType = folder.assetcatalog; path = Assets.xcassets; sourceTree = "<group>"; };
		7D603DD31D6BE13B00F3FC7B /* Base */ = {isa = PBXFileReference; lastKnownFileType = file.storyboard; name = Base; path = Base.lproj/LaunchScreen.storyboard; sourceTree = "<group>"; };
		7D603DD51D6BE13B00F3FC7B /* Info.plist */ = {isa = PBXFileReference; lastKnownFileType = text.plist.xml; path = Info.plist; sourceTree = "<group>"; };
		7D603DDB1D6BE42000F3FC7B /* MainTVC.swift */ = {isa = PBXFileReference; fileEncoding = 4; lastKnownFileType = sourcecode.swift; path = MainTVC.swift; sourceTree = "<group>"; };
		7D603DE21D6BE52500F3FC7B /* SingleVideo.swift */ = {isa = PBXFileReference; fileEncoding = 4; lastKnownFileType = sourcecode.swift; path = SingleVideo.swift; sourceTree = "<group>"; };
		7D603DE61D6BE8D000F3FC7B /* VideoCell.swift */ = {isa = PBXFileReference; fileEncoding = 4; lastKnownFileType = sourcecode.swift; path = VideoCell.swift; sourceTree = "<group>"; };
		7D870B071D71CFA80088A8F4 /* AllVideos.swift */ = {isa = PBXFileReference; fileEncoding = 4; lastKnownFileType = sourcecode.swift; path = AllVideos.swift; sourceTree = "<group>"; };
		C0DAE4693AB8F23203077410 /* Pods-YouTubeAppDemo.release.xcconfig */ = {isa = PBXFileReference; includeInIndex = 1; lastKnownFileType = text.xcconfig; name = "Pods-YouTubeAppDemo.release.xcconfig"; path = "Pods/Target Support Files/Pods-YouTubeAppDemo/Pods-YouTubeAppDemo.release.xcconfig"; sourceTree = "<group>"; };
		FB8BCA9458427EF607B8B32A /* Pods-YouTubeAppDemo.debug.xcconfig */ = {isa = PBXFileReference; includeInIndex = 1; lastKnownFileType = text.xcconfig; name = "Pods-YouTubeAppDemo.debug.xcconfig"; path = "Pods/Target Support Files/Pods-YouTubeAppDemo/Pods-YouTubeAppDemo.debug.xcconfig"; sourceTree = "<group>"; };
/* End PBXFileReference section */

/* Begin PBXFrameworksBuildPhase section */
		7D603DC31D6BE13B00F3FC7B /* Frameworks */ = {
			isa = PBXFrameworksBuildPhase;
			buildActionMask = 2147483647;
			files = (
				489E70162CC737A937EE42E2 /* Pods_YouTubeAppDemo.framework in Frameworks */,
			);
			runOnlyForDeploymentPostprocessing = 0;
		};
/* End PBXFrameworksBuildPhase section */

/* Begin PBXGroup section */
		7D603DBD1D6BE13B00F3FC7B = {
			isa = PBXGroup;
			children = (
				7D603DC81D6BE13B00F3FC7B /* YouTubeAppDemo */,
				7D603DC71D6BE13B00F3FC7B /* Products */,
				CF7CBB888D2B2CB7C2ACEA1A /* Pods */,
				C7C75B5D153A57A6ED5A5FEE /* Frameworks */,
			);
			sourceTree = "<group>";
		};
		7D603DC71D6BE13B00F3FC7B /* Products */ = {
			isa = PBXGroup;
			children = (
				7D603DC61D6BE13B00F3FC7B /* YouTubeAppDemo.app */,
			);
			name = Products;
			sourceTree = "<group>";
		};
		7D603DC81D6BE13B00F3FC7B /* YouTubeAppDemo */ = {
			isa = PBXGroup;
			children = (
				7D603DDF1D6BE48300F3FC7B /* Controller */,
				7D603DDD1D6BE47800F3FC7B /* Model */,
				7D603DDE1D6BE47E00F3FC7B /* View */,
				7D603DC91D6BE13B00F3FC7B /* AppDelegate.swift */,
				7D603DCD1D6BE13B00F3FC7B /* Main.storyboard */,
				7D603DD01D6BE13B00F3FC7B /* Assets.xcassets */,
				7D603DD21D6BE13B00F3FC7B /* LaunchScreen.storyboard */,
				7D603DD51D6BE13B00F3FC7B /* Info.plist */,
			);
			path = YouTubeAppDemo;
			sourceTree = "<group>";
		};
		7D603DDD1D6BE47800F3FC7B /* Model */ = {
			isa = PBXGroup;
			children = (
				7D603DE21D6BE52500F3FC7B /* SingleVideo.swift */,
				7D870B071D71CFA80088A8F4 /* AllVideos.swift */,
			);
			name = Model;
			sourceTree = "<group>";
		};
		7D603DDE1D6BE47E00F3FC7B /* View */ = {
			isa = PBXGroup;
			children = (
				7D603DE61D6BE8D000F3FC7B /* VideoCell.swift */,
			);
			name = View;
			sourceTree = "<group>";
		};
		7D603DDF1D6BE48300F3FC7B /* Controller */ = {
			isa = PBXGroup;
			children = (
				7D603DDB1D6BE42000F3FC7B /* MainTVC.swift */,
			);
			name = Controller;
			sourceTree = "<group>";
		};
		C7C75B5D153A57A6ED5A5FEE /* Frameworks */ = {
			isa = PBXGroup;
			children = (
				522579DC076F054B90DD871F /* Pods_YouTubeAppDemo.framework */,
			);
			name = Frameworks;
			sourceTree = "<group>";
		};
		CF7CBB888D2B2CB7C2ACEA1A /* Pods */ = {
			isa = PBXGroup;
			children = (
				FB8BCA9458427EF607B8B32A /* Pods-YouTubeAppDemo.debug.xcconfig */,
				C0DAE4693AB8F23203077410 /* Pods-YouTubeAppDemo.release.xcconfig */,
			);
			name = Pods;
			sourceTree = "<group>";
		};
/* End PBXGroup section */

/* Begin PBXNativeTarget section */
		7D603DC51D6BE13B00F3FC7B /* YouTubeAppDemo */ = {
			isa = PBXNativeTarget;
			buildConfigurationList = 7D603DD81D6BE13B00F3FC7B /* Build configuration list for PBXNativeTarget "YouTubeAppDemo" */;
			buildPhases = (
				329D53F9D770DFD17D0D1B71 /* [CP] Check Pods Manifest.lock */,
				7D603DC21D6BE13B00F3FC7B /* Sources */,
				7D603DC31D6BE13B00F3FC7B /* Frameworks */,
				7D603DC41D6BE13B00F3FC7B /* Resources */,
				3ABFB4B70E4A3D49A14DD527 /* [CP] Embed Pods Frameworks */,
				D2BD24CA566BECF98B04FE21 /* [CP] Copy Pods Resources */,
			);
			buildRules = (
			);
			dependencies = (
			);
			name = YouTubeAppDemo;
			productName = YouTubeAppDemo;
			productReference = 7D603DC61D6BE13B00F3FC7B /* YouTubeAppDemo.app */;
			productType = "com.apple.product-type.application";
		};
/* End PBXNativeTarget section */

/* Begin PBXProject section */
		7D603DBE1D6BE13B00F3FC7B /* Project object */ = {
			isa = PBXProject;
			attributes = {
				LastSwiftUpdateCheck = 0730;
				LastUpgradeCheck = 0730;
				ORGANIZATIONNAME = "Anthony Washington";
				TargetAttributes = {
					7D603DC51D6BE13B00F3FC7B = {
						CreatedOnToolsVersion = 7.3.1;
						DevelopmentTeam = 767BA8E22K;
					};
				};
			};
			buildConfigurationList = 7D603DC11D6BE13B00F3FC7B /* Build configuration list for PBXProject "YouTubeAppDemo" */;
			compatibilityVersion = "Xcode 3.2";
			developmentRegion = English;
			hasScannedForEncodings = 0;
			knownRegions = (
				en,
				Base,
			);
			mainGroup = 7D603DBD1D6BE13B00F3FC7B;
			productRefGroup = 7D603DC71D6BE13B00F3FC7B /* Products */;
			projectDirPath = "";
			projectRoot = "";
			targets = (
				7D603DC51D6BE13B00F3FC7B /* YouTubeAppDemo */,
			);
		};
/* End PBXProject section */

/* Begin PBXResourcesBuildPhase section */
		7D603DC41D6BE13B00F3FC7B /* Resources */ = {
			isa = PBXResourcesBuildPhase;
			buildActionMask = 2147483647;
			files = (
				7D603DD41D6BE13B00F3FC7B /* LaunchScreen.storyboard in Resources */,
				7D603DD11D6BE13B00F3FC7B /* Assets.xcassets in Resources */,
				7D603DCF1D6BE13B00F3FC7B /* Main.storyboard in Resources */,
			);
			runOnlyForDeploymentPostprocessing = 0;
		};
/* End PBXResourcesBuildPhase section */

/* Begin PBXShellScriptBuildPhase section */
		329D53F9D770DFD17D0D1B71 /* [CP] Check Pods Manifest.lock */ = {
			isa = PBXShellScriptBuildPhase;
			buildActionMask = 2147483647;
			files = (
			);
			inputPaths = (
			);
			name = "[CP] Check Pods Manifest.lock";
			outputPaths = (
			);
			runOnlyForDeploymentPostprocessing = 0;
			shellPath = /bin/sh;
			shellScript = "diff \"${PODS_ROOT}/../Podfile.lock\" \"${PODS_ROOT}/Manifest.lock\" > /dev/null\nif [[ $? != 0 ]] ; then\n    cat << EOM\nerror: The sandbox is not in sync with the Podfile.lock. Run 'pod install' or update your CocoaPods installation.\nEOM\n    exit 1\nfi\n";
			showEnvVarsInLog = 0;
		};
		3ABFB4B70E4A3D49A14DD527 /* [CP] Embed Pods Frameworks */ = {
			isa = PBXShellScriptBuildPhase;
			buildActionMask = 2147483647;
			files = (
			);
			inputPaths = (
			);
			name = "[CP] Embed Pods Frameworks";
			outputPaths = (
			);
			runOnlyForDeploymentPostprocessing = 0;
			shellPath = /bin/sh;
			shellScript = "\"${SRCROOT}/Pods/Target Support Files/Pods-YouTubeAppDemo/Pods-YouTubeAppDemo-frameworks.sh\"\n";
			showEnvVarsInLog = 0;
		};
		D2BD24CA566BECF98B04FE21 /* [CP] Copy Pods Resources */ = {
			isa = PBXShellScriptBuildPhase;
			buildActionMask = 2147483647;
			files = (
			);
			inputPaths = (
			);
			name = "[CP] Copy Pods Resources";
			outputPaths = (
			);
			runOnlyForDeploymentPostprocessing = 0;
			shellPath = /bin/sh;
			shellScript = "\"${SRCROOT}/Pods/Target Support Files/Pods-YouTubeAppDemo/Pods-YouTubeAppDemo-resources.sh\"\n";
			showEnvVarsInLog = 0;
		};
/* End PBXShellScriptBuildPhase section */

/* Begin PBXSourcesBuildPhase section */
		7D603DC21D6BE13B00F3FC7B /* Sources */ = {
			isa = PBXSourcesBuildPhase;
			buildActionMask = 2147483647;
			files = (
				7D870B081D71CFA80088A8F4 /* AllVideos.swift in Sources */,
				7D603DDC1D6BE42000F3FC7B /* MainTVC.swift in Sources */,
				7D603DE71D6BE8D000F3FC7B /* VideoCell.swift in Sources */,
				7D603DE31D6BE52500F3FC7B /* SingleVideo.swift in Sources */,
				7D603DCA1D6BE13B00F3FC7B /* AppDelegate.swift in Sources */,
			);
			runOnlyForDeploymentPostprocessing = 0;
		};
/* End PBXSourcesBuildPhase section */

/* Begin PBXVariantGroup section */
		7D603DCD1D6BE13B00F3FC7B /* Main.storyboard */ = {
			isa = PBXVariantGroup;
			children = (
				7D603DCE1D6BE13B00F3FC7B /* Base */,
			);
			name = Main.storyboard;
			sourceTree = "<group>";
		};
		7D603DD21D6BE13B00F3FC7B /* LaunchScreen.storyboard */ = {
			isa = PBXVariantGroup;
			children = (
				7D603DD31D6BE13B00F3FC7B /* Base */,
			);
			name = LaunchScreen.storyboard;
			sourceTree = "<group>";
		};
/* End PBXVariantGroup section */

/* Begin XCBuildConfiguration section */
		7D603DD61D6BE13B00F3FC7B /* Debug */ = {
			isa = XCBuildConfiguration;
			buildSettings = {
				ALWAYS_SEARCH_USER_PATHS = NO;
				CLANG_ANALYZER_NONNULL = YES;
				CLANG_CXX_LANGUAGE_STANDARD = "gnu++0x";
				CLANG_CXX_LIBRARY = "libc++";
				CLANG_ENABLE_MODULES = YES;
				CLANG_ENABLE_OBJC_ARC = YES;
				CLANG_WARN_BOOL_CONVERSION = YES;
				CLANG_WARN_CONSTANT_CONVERSION = YES;
				CLANG_WARN_DIRECT_OBJC_ISA_USAGE = YES_ERROR;
				CLANG_WARN_EMPTY_BODY = YES;
				CLANG_WARN_ENUM_CONVERSION = YES;
				CLANG_WARN_INT_CONVERSION = YES;
				CLANG_WARN_OBJC_ROOT_CLASS = YES_ERROR;
				CLANG_WARN_UNREACHABLE_CODE = YES;
				CLANG_WARN__DUPLICATE_METHOD_MATCH = YES;
				"CODE_SIGN_IDENTITY[sdk=iphoneos*]" = "iPhone Developer";
				COPY_PHASE_STRIP = NO;
				DEBUG_INFORMATION_FORMAT = dwarf;
				ENABLE_STRICT_OBJC_MSGSEND = YES;
				ENABLE_TESTABILITY = YES;
				GCC_C_LANGUAGE_STANDARD = gnu99;
				GCC_DYNAMIC_NO_PIC = NO;
				GCC_NO_COMMON_BLOCKS = YES;
				GCC_OPTIMIZATION_LEVEL = 0;
				GCC_PREPROCESSOR_DEFINITIONS = (
					"DEBUG=1",
					"$(inherited)",
				);
				GCC_WARN_64_TO_32_BIT_CONVERSION = YES;
				GCC_WARN_ABOUT_RETURN_TYPE = YES_ERROR;
				GCC_WARN_UNDECLARED_SELECTOR = YES;
				GCC_WARN_UNINITIALIZED_AUTOS = YES_AGGRESSIVE;
				GCC_WARN_UNUSED_FUNCTION = YES;
				GCC_WARN_UNUSED_VARIABLE = YES;
				IPHONEOS_DEPLOYMENT_TARGET = 9.3;
				MTL_ENABLE_DEBUG_INFO = YES;
				ONLY_ACTIVE_ARCH = YES;
				SDKROOT = iphoneos;
				SWIFT_OPTIMIZATION_LEVEL = "-Onone";
				TARGETED_DEVICE_FAMILY = "1,2";
			};
			name = Debug;
		};
		7D603DD71D6BE13B00F3FC7B /* Release */ = {
			isa = XCBuildConfiguration;
			buildSettings = {
				ALWAYS_SEARCH_USER_PATHS = NO;
				CLANG_ANALYZER_NONNULL = YES;
				CLANG_CXX_LANGUAGE_STANDARD = "gnu++0x";
				CLANG_CXX_LIBRARY = "libc++";
				CLANG_ENABLE_MODULES = YES;
				CLANG_ENABLE_OBJC_ARC = YES;
				CLANG_WARN_BOOL_CONVERSION = YES;
				CLANG_WARN_CONSTANT_CONVERSION = YES;
				CLANG_WARN_DIRECT_OBJC_ISA_USAGE = YES_ERROR;
				CLANG_WARN_EMPTY_BODY = YES;
				CLANG_WARN_ENUM_CONVERSION = YES;
				CLANG_WARN_INT_CONVERSION = YES;
				CLANG_WARN_OBJC_ROOT_CLASS = YES_ERROR;
				CLANG_WARN_UNREACHABLE_CODE = YES;
				CLANG_WARN__DUPLICATE_METHOD_MATCH = YES;
				"CODE_SIGN_IDENTITY[sdk=iphoneos*]" = "iPhone Developer";
				COPY_PHASE_STRIP = NO;
				DEBUG_INFORMATION_FORMAT = "dwarf-with-dsym";
				ENABLE_NS_ASSERTIONS = NO;
				ENABLE_STRICT_OBJC_MSGSEND = YES;
				GCC_C_LANGUAGE_STANDARD = gnu99;
				GCC_NO_COMMON_BLOCKS = YES;
				GCC_WARN_64_TO_32_BIT_CONVERSION = YES;
				GCC_WARN_ABOUT_RETURN_TYPE = YES_ERROR;
				GCC_WARN_UNDECLARED_SELECTOR = YES;
				GCC_WARN_UNINITIALIZED_AUTOS = YES_AGGRESSIVE;
				GCC_WARN_UNUSED_FUNCTION = YES;
				GCC_WARN_UNUSED_VARIABLE = YES;
				IPHONEOS_DEPLOYMENT_TARGET = 9.3;
				MTL_ENABLE_DEBUG_INFO = NO;
				SDKROOT = iphoneos;
				TARGETED_DEVICE_FAMILY = "1,2";
				VALIDATE_PRODUCT = YES;
			};
			name = Release;
		};
		7D603DD91D6BE13B00F3FC7B /* Debug */ = {
			isa = XCBuildConfiguration;
			baseConfigurationReference = FB8BCA9458427EF607B8B32A /* Pods-YouTubeAppDemo.debug.xcconfig */;
			buildSettings = {
				ASSETCATALOG_COMPILER_APPICON_NAME = AppIcon;
				CODE_SIGN_IDENTITY = "iPhone Developer";
				"CODE_SIGN_IDENTITY[sdk=iphoneos*]" = "iPhone Developer";
				INFOPLIST_FILE = YouTubeAppDemo/Info.plist;
				LD_RUNPATH_SEARCH_PATHS = "$(inherited) @executable_path/Frameworks";
				PRODUCT_BUNDLE_IDENTIFIER = antwash.YouTubeAppDemo;
				PRODUCT_NAME = "$(TARGET_NAME)";
				PROVISIONING_PROFILE = "";
			};
			name = Debug;
		};
		7D603DDA1D6BE13B00F3FC7B /* Release */ = {
			isa = XCBuildConfiguration;
			baseConfigurationReference = C0DAE4693AB8F23203077410 /* Pods-YouTubeAppDemo.release.xcconfig */;
			buildSettings = {
				ASSETCATALOG_COMPILER_APPICON_NAME = AppIcon;
				CODE_SIGN_IDENTITY = "iPhone Developer";
				"CODE_SIGN_IDENTITY[sdk=iphoneos*]" = "iPhone Developer";
				INFOPLIST_FILE = YouTubeAppDemo/Info.plist;
				LD_RUNPATH_SEARCH_PATHS = "$(inherited) @executable_path/Frameworks";
				PRODUCT_BUNDLE_IDENTIFIER = antwash.YouTubeAppDemo;
				PRODUCT_NAME = "$(TARGET_NAME)";
				PROVISIONING_PROFILE = "";
			};
			name = Release;
		};
/* End XCBuildConfiguration section */

/* Begin XCConfigurationList section */
		7D603DC11D6BE13B00F3FC7B /* Build configuration list for PBXProject "YouTubeAppDemo" */ = {
			isa = XCConfigurationList;
			buildConfigurations = (
				7D603DD61D6BE13B00F3FC7B /* Debug */,
				7D603DD71D6BE13B00F3FC7B /* Release */,
			);
			defaultConfigurationIsVisible = 0;
			defaultConfigurationName = Release;
		};
		7D603DD81D6BE13B00F3FC7B /* Build configuration list for PBXNativeTarget "YouTubeAppDemo" */ = {
			isa = XCConfigurationList;
			buildConfigurations = (
				7D603DD91D6BE13B00F3FC7B /* Debug */,
				7D603DDA1D6BE13B00F3FC7B /* Release */,
			);
			defaultConfigurationIsVisible = 0;
			defaultConfigurationName = Release;
		};
/* End XCConfigurationList section */
	};
	rootObject = 7D603DBE1D6BE13B00F3FC7B /* Project object */;
}
