// !$*UTF8*$!
{
	archiveVersion = 1;
	classes = {
	};
	objectVersion = 46;
	objects = {

/* Begin PBXBuildFile section */
		03237E3E2D5B815E351DDA3D /* Pods_Twitter_Clone.framework in Frameworks */ = {isa = PBXBuildFile; fileRef = 98C4E575D808FC6550ED2375 /* Pods_Twitter_Clone.framework */; };
		7D4DD95B1F09C00B0066CC5C /* AppDelegate.swift in Sources */ = {isa = PBXBuildFile; fileRef = 7D4DD95A1F09C00B0066CC5C /* AppDelegate.swift */; };
		7D4DD9621F09C00B0066CC5C /* Assets.xcassets in Resources */ = {isa = PBXBuildFile; fileRef = 7D4DD9611F09C00B0066CC5C /* Assets.xcassets */; };
		7D4DD9651F09C00B0066CC5C /* LaunchScreen.storyboard in Resources */ = {isa = PBXBuildFile; fileRef = 7D4DD9631F09C00B0066CC5C /* LaunchScreen.storyboard */; };
		7D730B351F09FD2C00FA4C2A /* HomeController.swift in Sources */ = {isa = PBXBuildFile; fileRef = 7D730B341F09FD2C00FA4C2A /* HomeController.swift */; };
		7DE919011F0AB33200EA1C2D /* User.swift in Sources */ = {isa = PBXBuildFile; fileRef = 7DE919001F0AB33200EA1C2D /* User.swift */; };
		7DE919031F0AB69400EA1C2D /* UserCell.swift in Sources */ = {isa = PBXBuildFile; fileRef = 7DE919021F0AB69400EA1C2D /* UserCell.swift */; };
		7DFE66281F0A039800F8E056 /* UserHeaderFooter.swift in Sources */ = {isa = PBXBuildFile; fileRef = 7DFE66271F0A039800F8E056 /* UserHeaderFooter.swift */; };
		7DFE662A1F0A03F100F8E056 /* HomeDataSource.swift in Sources */ = {isa = PBXBuildFile; fileRef = 7DFE66291F0A03F100F8E056 /* HomeDataSource.swift */; };
/* End PBXBuildFile section */

/* Begin PBXFileReference section */
		7D4DD9571F09C00B0066CC5C /* Twitter-Clone.app */ = {isa = PBXFileReference; explicitFileType = wrapper.application; includeInIndex = 0; path = "Twitter-Clone.app"; sourceTree = BUILT_PRODUCTS_DIR; };
		7D4DD95A1F09C00B0066CC5C /* AppDelegate.swift */ = {isa = PBXFileReference; lastKnownFileType = sourcecode.swift; path = AppDelegate.swift; sourceTree = "<group>"; };
		7D4DD9611F09C00B0066CC5C /* Assets.xcassets */ = {isa = PBXFileReference; lastKnownFileType = folder.assetcatalog; path = Assets.xcassets; sourceTree = "<group>"; };
		7D4DD9641F09C00B0066CC5C /* Base */ = {isa = PBXFileReference; lastKnownFileType = file.storyboard; name = Base; path = Base.lproj/LaunchScreen.storyboard; sourceTree = "<group>"; };
		7D4DD9661F09C00B0066CC5C /* Info.plist */ = {isa = PBXFileReference; lastKnownFileType = text.plist.xml; path = Info.plist; sourceTree = "<group>"; };
		7D730B341F09FD2C00FA4C2A /* HomeController.swift */ = {isa = PBXFileReference; fileEncoding = 4; lastKnownFileType = sourcecode.swift; path = HomeController.swift; sourceTree = "<group>"; };
		7DE919001F0AB33200EA1C2D /* User.swift */ = {isa = PBXFileReference; fileEncoding = 4; lastKnownFileType = sourcecode.swift; path = User.swift; sourceTree = "<group>"; };
		7DE919021F0AB69400EA1C2D /* UserCell.swift */ = {isa = PBXFileReference; fileEncoding = 4; lastKnownFileType = sourcecode.swift; path = UserCell.swift; sourceTree = "<group>"; };
		7DFE66271F0A039800F8E056 /* UserHeaderFooter.swift */ = {isa = PBXFileReference; fileEncoding = 4; lastKnownFileType = sourcecode.swift; path = UserHeaderFooter.swift; sourceTree = "<group>"; };
		7DFE66291F0A03F100F8E056 /* HomeDataSource.swift */ = {isa = PBXFileReference; fileEncoding = 4; lastKnownFileType = sourcecode.swift; path = HomeDataSource.swift; sourceTree = "<group>"; };
		98C4E575D808FC6550ED2375 /* Pods_Twitter_Clone.framework */ = {isa = PBXFileReference; explicitFileType = wrapper.framework; includeInIndex = 0; path = Pods_Twitter_Clone.framework; sourceTree = BUILT_PRODUCTS_DIR; };
		D37F3721D13AB3E24AB75990 /* Pods-Twitter-Clone.release.xcconfig */ = {isa = PBXFileReference; includeInIndex = 1; lastKnownFileType = text.xcconfig; name = "Pods-Twitter-Clone.release.xcconfig"; path = "Pods/Target Support Files/Pods-Twitter-Clone/Pods-Twitter-Clone.release.xcconfig"; sourceTree = "<group>"; };
		DECCF76F9DE8AC46E528B9BA /* Pods-Twitter-Clone.debug.xcconfig */ = {isa = PBXFileReference; includeInIndex = 1; lastKnownFileType = text.xcconfig; name = "Pods-Twitter-Clone.debug.xcconfig"; path = "Pods/Target Support Files/Pods-Twitter-Clone/Pods-Twitter-Clone.debug.xcconfig"; sourceTree = "<group>"; };
/* End PBXFileReference section */

/* Begin PBXFrameworksBuildPhase section */
		7D4DD9541F09C00B0066CC5C /* Frameworks */ = {
			isa = PBXFrameworksBuildPhase;
			buildActionMask = 2147483647;
			files = (
				03237E3E2D5B815E351DDA3D /* Pods_Twitter_Clone.framework in Frameworks */,
			);
			runOnlyForDeploymentPostprocessing = 0;
		};
/* End PBXFrameworksBuildPhase section */

/* Begin PBXGroup section */
		7D4DD94E1F09C00B0066CC5C = {
			isa = PBXGroup;
			children = (
				7D4DD9591F09C00B0066CC5C /* Twitter-Clone */,
				7D4DD9581F09C00B0066CC5C /* Products */,
				FF4E48E5AF4922F260CE4BF8 /* Pods */,
				E09DDBAFA18037170887554E /* Frameworks */,
			);
			sourceTree = "<group>";
		};
		7D4DD9581F09C00B0066CC5C /* Products */ = {
			isa = PBXGroup;
			children = (
				7D4DD9571F09C00B0066CC5C /* Twitter-Clone.app */,
			);
			name = Products;
			sourceTree = "<group>";
		};
		7D4DD9591F09C00B0066CC5C /* Twitter-Clone */ = {
			isa = PBXGroup;
			children = (
				7DFE66241F0A037400F8E056 /* Model */,
				7DFE66251F0A037900F8E056 /* View */,
				7DFE66261F0A037D00F8E056 /* Controller */,
				7D4DD95A1F09C00B0066CC5C /* AppDelegate.swift */,
				7D4DD9611F09C00B0066CC5C /* Assets.xcassets */,
				7D4DD9631F09C00B0066CC5C /* LaunchScreen.storyboard */,
				7D4DD9661F09C00B0066CC5C /* Info.plist */,
			);
			path = "Twitter-Clone";
			sourceTree = "<group>";
		};
		7DFE66241F0A037400F8E056 /* Model */ = {
			isa = PBXGroup;
			children = (
				7DFE66291F0A03F100F8E056 /* HomeDataSource.swift */,
				7DE919001F0AB33200EA1C2D /* User.swift */,
			);
			name = Model;
			sourceTree = "<group>";
		};
		7DFE66251F0A037900F8E056 /* View */ = {
			isa = PBXGroup;
			children = (
				7DE919021F0AB69400EA1C2D /* UserCell.swift */,
				7DFE66271F0A039800F8E056 /* UserHeaderFooter.swift */,
			);
			name = View;
			sourceTree = "<group>";
		};
		7DFE66261F0A037D00F8E056 /* Controller */ = {
			isa = PBXGroup;
			children = (
				7D730B341F09FD2C00FA4C2A /* HomeController.swift */,
			);
			name = Controller;
			sourceTree = "<group>";
		};
		E09DDBAFA18037170887554E /* Frameworks */ = {
			isa = PBXGroup;
			children = (
				98C4E575D808FC6550ED2375 /* Pods_Twitter_Clone.framework */,
			);
			name = Frameworks;
			sourceTree = "<group>";
		};
		FF4E48E5AF4922F260CE4BF8 /* Pods */ = {
			isa = PBXGroup;
			children = (
				DECCF76F9DE8AC46E528B9BA /* Pods-Twitter-Clone.debug.xcconfig */,
				D37F3721D13AB3E24AB75990 /* Pods-Twitter-Clone.release.xcconfig */,
			);
			name = Pods;
			sourceTree = "<group>";
		};
/* End PBXGroup section */

/* Begin PBXNativeTarget section */
		7D4DD9561F09C00B0066CC5C /* Twitter-Clone */ = {
			isa = PBXNativeTarget;
			buildConfigurationList = 7D4DD9691F09C00B0066CC5C /* Build configuration list for PBXNativeTarget "Twitter-Clone" */;
			buildPhases = (
				E4BCD1E409EA3611090AF654 /* [CP] Check Pods Manifest.lock */,
				7D4DD9531F09C00B0066CC5C /* Sources */,
				7D4DD9541F09C00B0066CC5C /* Frameworks */,
				7D4DD9551F09C00B0066CC5C /* Resources */,
				DE470A1620A0664CA8920D47 /* [CP] Embed Pods Frameworks */,
				F2CAE766684DF3B302810BF1 /* [CP] Copy Pods Resources */,
			);
			buildRules = (
			);
			dependencies = (
			);
			name = "Twitter-Clone";
			productName = "Twitter-Clone";
			productReference = 7D4DD9571F09C00B0066CC5C /* Twitter-Clone.app */;
			productType = "com.apple.product-type.application";
		};
/* End PBXNativeTarget section */

/* Begin PBXProject section */
		7D4DD94F1F09C00B0066CC5C /* Project object */ = {
			isa = PBXProject;
			attributes = {
				LastSwiftUpdateCheck = 0830;
				LastUpgradeCheck = 0830;
				ORGANIZATIONNAME = "Anthony Washington";
				TargetAttributes = {
					7D4DD9561F09C00B0066CC5C = {
						CreatedOnToolsVersion = 8.3.3;
						ProvisioningStyle = Automatic;
					};
				};
			};
			buildConfigurationList = 7D4DD9521F09C00B0066CC5C /* Build configuration list for PBXProject "Twitter-Clone" */;
			compatibilityVersion = "Xcode 3.2";
			developmentRegion = English;
			hasScannedForEncodings = 0;
			knownRegions = (
				en,
				Base,
			);
			mainGroup = 7D4DD94E1F09C00B0066CC5C;
			productRefGroup = 7D4DD9581F09C00B0066CC5C /* Products */;
			projectDirPath = "";
			projectRoot = "";
			targets = (
				7D4DD9561F09C00B0066CC5C /* Twitter-Clone */,
			);
		};
/* End PBXProject section */

/* Begin PBXResourcesBuildPhase section */
		7D4DD9551F09C00B0066CC5C /* Resources */ = {
			isa = PBXResourcesBuildPhase;
			buildActionMask = 2147483647;
			files = (
				7D4DD9651F09C00B0066CC5C /* LaunchScreen.storyboard in Resources */,
				7D4DD9621F09C00B0066CC5C /* Assets.xcassets in Resources */,
			);
			runOnlyForDeploymentPostprocessing = 0;
		};
/* End PBXResourcesBuildPhase section */

/* Begin PBXShellScriptBuildPhase section */
		DE470A1620A0664CA8920D47 /* [CP] Embed Pods Frameworks */ = {
			isa = PBXShellScriptBuildPhase;
			buildActionMask = 2147483647;
			files = (
			);
			inputPaths = (
			);
			name = "[CP] Embed Pods Frameworks";
			outputPaths = (
			);
			runOnlyForDeploymentPostprocessing = 0;
			shellPath = /bin/sh;
			shellScript = "\"${SRCROOT}/Pods/Target Support Files/Pods-Twitter-Clone/Pods-Twitter-Clone-frameworks.sh\"\n";
			showEnvVarsInLog = 0;
		};
		E4BCD1E409EA3611090AF654 /* [CP] Check Pods Manifest.lock */ = {
			isa = PBXShellScriptBuildPhase;
			buildActionMask = 2147483647;
			files = (
			);
			inputPaths = (
			);
			name = "[CP] Check Pods Manifest.lock";
			outputPaths = (
			);
			runOnlyForDeploymentPostprocessing = 0;
			shellPath = /bin/sh;
			shellScript = "diff \"${PODS_PODFILE_DIR_PATH}/Podfile.lock\" \"${PODS_ROOT}/Manifest.lock\" > /dev/null\nif [ $? != 0 ] ; then\n    # print error to STDERR\n    echo \"error: The sandbox is not in sync with the Podfile.lock. Run 'pod install' or update your CocoaPods installation.\" >&2\n    exit 1\nfi\n";
			showEnvVarsInLog = 0;
		};
		F2CAE766684DF3B302810BF1 /* [CP] Copy Pods Resources */ = {
			isa = PBXShellScriptBuildPhase;
			buildActionMask = 2147483647;
			files = (
			);
			inputPaths = (
			);
			name = "[CP] Copy Pods Resources";
			outputPaths = (
			);
			runOnlyForDeploymentPostprocessing = 0;
			shellPath = /bin/sh;
			shellScript = "\"${SRCROOT}/Pods/Target Support Files/Pods-Twitter-Clone/Pods-Twitter-Clone-resources.sh\"\n";
			showEnvVarsInLog = 0;
		};
/* End PBXShellScriptBuildPhase section */

/* Begin PBXSourcesBuildPhase section */
		7D4DD9531F09C00B0066CC5C /* Sources */ = {
			isa = PBXSourcesBuildPhase;
			buildActionMask = 2147483647;
			files = (
				7D4DD95B1F09C00B0066CC5C /* AppDelegate.swift in Sources */,
				7D730B351F09FD2C00FA4C2A /* HomeController.swift in Sources */,
				7DE919031F0AB69400EA1C2D /* UserCell.swift in Sources */,
				7DFE66281F0A039800F8E056 /* UserHeaderFooter.swift in Sources */,
				7DE919011F0AB33200EA1C2D /* User.swift in Sources */,
				7DFE662A1F0A03F100F8E056 /* HomeDataSource.swift in Sources */,
			);
			runOnlyForDeploymentPostprocessing = 0;
		};
/* End PBXSourcesBuildPhase section */

/* Begin PBXVariantGroup section */
		7D4DD9631F09C00B0066CC5C /* LaunchScreen.storyboard */ = {
			isa = PBXVariantGroup;
			children = (
				7D4DD9641F09C00B0066CC5C /* Base */,
			);
			name = LaunchScreen.storyboard;
			sourceTree = "<group>";
		};
/* End PBXVariantGroup section */

/* Begin XCBuildConfiguration section */
		7D4DD9671F09C00B0066CC5C /* Debug */ = {
			isa = XCBuildConfiguration;
			buildSettings = {
				ALWAYS_SEARCH_USER_PATHS = NO;
				CLANG_ANALYZER_NONNULL = YES;
				CLANG_ANALYZER_NUMBER_OBJECT_CONVERSION = YES_AGGRESSIVE;
				CLANG_CXX_LANGUAGE_STANDARD = "gnu++0x";
				CLANG_CXX_LIBRARY = "libc++";
				CLANG_ENABLE_MODULES = YES;
				CLANG_ENABLE_OBJC_ARC = YES;
				CLANG_WARN_BOOL_CONVERSION = YES;
				CLANG_WARN_CONSTANT_CONVERSION = YES;
				CLANG_WARN_DIRECT_OBJC_ISA_USAGE = YES_ERROR;
				CLANG_WARN_DOCUMENTATION_COMMENTS = YES;
				CLANG_WARN_EMPTY_BODY = YES;
				CLANG_WARN_ENUM_CONVERSION = YES;
				CLANG_WARN_INFINITE_RECURSION = YES;
				CLANG_WARN_INT_CONVERSION = YES;
				CLANG_WARN_OBJC_ROOT_CLASS = YES_ERROR;
				CLANG_WARN_SUSPICIOUS_MOVE = YES;
				CLANG_WARN_UNREACHABLE_CODE = YES;
				CLANG_WARN__DUPLICATE_METHOD_MATCH = YES;
				"CODE_SIGN_IDENTITY[sdk=iphoneos*]" = "iPhone Developer";
				COPY_PHASE_STRIP = NO;
				DEBUG_INFORMATION_FORMAT = dwarf;
				ENABLE_STRICT_OBJC_MSGSEND = YES;
				ENABLE_TESTABILITY = YES;
				GCC_C_LANGUAGE_STANDARD = gnu99;
				GCC_DYNAMIC_NO_PIC = NO;
				GCC_NO_COMMON_BLOCKS = YES;
				GCC_OPTIMIZATION_LEVEL = 0;
				GCC_PREPROCESSOR_DEFINITIONS = (
					"DEBUG=1",
					"$(inherited)",
				);
				GCC_WARN_64_TO_32_BIT_CONVERSION = YES;
				GCC_WARN_ABOUT_RETURN_TYPE = YES_ERROR;
				GCC_WARN_UNDECLARED_SELECTOR = YES;
				GCC_WARN_UNINITIALIZED_AUTOS = YES_AGGRESSIVE;
				GCC_WARN_UNUSED_FUNCTION = YES;
				GCC_WARN_UNUSED_VARIABLE = YES;
				IPHONEOS_DEPLOYMENT_TARGET = 10.3;
				MTL_ENABLE_DEBUG_INFO = YES;
				ONLY_ACTIVE_ARCH = YES;
				SDKROOT = iphoneos;
				SWIFT_ACTIVE_COMPILATION_CONDITIONS = DEBUG;
				SWIFT_OPTIMIZATION_LEVEL = "-Onone";
				TARGETED_DEVICE_FAMILY = "1,2";
			};
			name = Debug;
		};
		7D4DD9681F09C00B0066CC5C /* Release */ = {
			isa = XCBuildConfiguration;
			buildSettings = {
				ALWAYS_SEARCH_USER_PATHS = NO;
				CLANG_ANALYZER_NONNULL = YES;
				CLANG_ANALYZER_NUMBER_OBJECT_CONVERSION = YES_AGGRESSIVE;
				CLANG_CXX_LANGUAGE_STANDARD = "gnu++0x";
				CLANG_CXX_LIBRARY = "libc++";
				CLANG_ENABLE_MODULES = YES;
				CLANG_ENABLE_OBJC_ARC = YES;
				CLANG_WARN_BOOL_CONVERSION = YES;
				CLANG_WARN_CONSTANT_CONVERSION = YES;
				CLANG_WARN_DIRECT_OBJC_ISA_USAGE = YES_ERROR;
				CLANG_WARN_DOCUMENTATION_COMMENTS = YES;
				CLANG_WARN_EMPTY_BODY = YES;
				CLANG_WARN_ENUM_CONVERSION = YES;
				CLANG_WARN_INFINITE_RECURSION = YES;
				CLANG_WARN_INT_CONVERSION = YES;
				CLANG_WARN_OBJC_ROOT_CLASS = YES_ERROR;
				CLANG_WARN_SUSPICIOUS_MOVE = YES;
				CLANG_WARN_UNREACHABLE_CODE = YES;
				CLANG_WARN__DUPLICATE_METHOD_MATCH = YES;
				"CODE_SIGN_IDENTITY[sdk=iphoneos*]" = "iPhone Developer";
				COPY_PHASE_STRIP = NO;
				DEBUG_INFORMATION_FORMAT = "dwarf-with-dsym";
				ENABLE_NS_ASSERTIONS = NO;
				ENABLE_STRICT_OBJC_MSGSEND = YES;
				GCC_C_LANGUAGE_STANDARD = gnu99;
				GCC_NO_COMMON_BLOCKS = YES;
				GCC_WARN_64_TO_32_BIT_CONVERSION = YES;
				GCC_WARN_ABOUT_RETURN_TYPE = YES_ERROR;
				GCC_WARN_UNDECLARED_SELECTOR = YES;
				GCC_WARN_UNINITIALIZED_AUTOS = YES_AGGRESSIVE;
				GCC_WARN_UNUSED_FUNCTION = YES;
				GCC_WARN_UNUSED_VARIABLE = YES;
				IPHONEOS_DEPLOYMENT_TARGET = 10.3;
				MTL_ENABLE_DEBUG_INFO = NO;
				SDKROOT = iphoneos;
				SWIFT_OPTIMIZATION_LEVEL = "-Owholemodule";
				TARGETED_DEVICE_FAMILY = "1,2";
				VALIDATE_PRODUCT = YES;
			};
			name = Release;
		};
		7D4DD96A1F09C00B0066CC5C /* Debug */ = {
			isa = XCBuildConfiguration;
			baseConfigurationReference = DECCF76F9DE8AC46E528B9BA /* Pods-Twitter-Clone.debug.xcconfig */;
			buildSettings = {
				ASSETCATALOG_COMPILER_APPICON_NAME = AppIcon;
				INFOPLIST_FILE = "Twitter-Clone/Info.plist";
				LD_RUNPATH_SEARCH_PATHS = "$(inherited) @executable_path/Frameworks";
				PRODUCT_BUNDLE_IDENTIFIER = "antdwash.Twitter-Clone";
				PRODUCT_NAME = "$(TARGET_NAME)";
				SWIFT_VERSION = 3.0;
				TARGETED_DEVICE_FAMILY = "1,2";
			};
			name = Debug;
		};
		7D4DD96B1F09C00B0066CC5C /* Release */ = {
			isa = XCBuildConfiguration;
			baseConfigurationReference = D37F3721D13AB3E24AB75990 /* Pods-Twitter-Clone.release.xcconfig */;
			buildSettings = {
				ASSETCATALOG_COMPILER_APPICON_NAME = AppIcon;
				INFOPLIST_FILE = "Twitter-Clone/Info.plist";
				LD_RUNPATH_SEARCH_PATHS = "$(inherited) @executable_path/Frameworks";
				PRODUCT_BUNDLE_IDENTIFIER = "antdwash.Twitter-Clone";
				PRODUCT_NAME = "$(TARGET_NAME)";
				SWIFT_VERSION = 3.0;
				TARGETED_DEVICE_FAMILY = "1,2";
			};
			name = Release;
		};
/* End XCBuildConfiguration section */

/* Begin XCConfigurationList section */
		7D4DD9521F09C00B0066CC5C /* Build configuration list for PBXProject "Twitter-Clone" */ = {
			isa = XCConfigurationList;
			buildConfigurations = (
				7D4DD9671F09C00B0066CC5C /* Debug */,
				7D4DD9681F09C00B0066CC5C /* Release */,
			);
			defaultConfigurationIsVisible = 0;
			defaultConfigurationName = Release;
		};
		7D4DD9691F09C00B0066CC5C /* Build configuration list for PBXNativeTarget "Twitter-Clone" */ = {
			isa = XCConfigurationList;
			buildConfigurations = (
				7D4DD96A1F09C00B0066CC5C /* Debug */,
				7D4DD96B1F09C00B0066CC5C /* Release */,
			);
			defaultConfigurationIsVisible = 0;
			defaultConfigurationName = Release;
		};
/* End XCConfigurationList section */
	};
	rootObject = 7D4DD94F1F09C00B0066CC5C /* Project object */;
}
