// !$*UTF8*$!
{
	archiveVersion = 1;
	classes = {
	};
	objectVersion = 46;
	objects = {

/* Begin PBXBuildFile section */
		7D531E6D1D82719A00DC0B6A /* AppDelegate.swift in Sources */ = {isa = PBXBuildFile; fileRef = 7D531E6C1D82719A00DC0B6A /* AppDelegate.swift */; };
		7D531E6F1D82719A00DC0B6A /* MainVC.swift in Sources */ = {isa = PBXBuildFile; fileRef = 7D531E6E1D82719A00DC0B6A /* MainVC.swift */; };
		7D531E721D82719A00DC0B6A /* Main.storyboard in Resources */ = {isa = PBXBuildFile; fileRef = 7D531E701D82719A00DC0B6A /* Main.storyboard */; };
		7D531E751D82719A00DC0B6A /* DreamLister.xcdatamodeld in Sources */ = {isa = PBXBuildFile; fileRef = 7D531E731D82719A00DC0B6A /* DreamLister.xcdatamodeld */; };
		7D531E771D82719A00DC0B6A /* Assets.xcassets in Resources */ = {isa = PBXBuildFile; fileRef = 7D531E761D82719A00DC0B6A /* Assets.xcassets */; };
		7D531E7A1D82719A00DC0B6A /* LaunchScreen.storyboard in Resources */ = {isa = PBXBuildFile; fileRef = 7D531E781D82719A00DC0B6A /* LaunchScreen.storyboard */; };
		7D531E891D82764A00DC0B6A /* Item+CoreDataClass.swift in Sources */ = {isa = PBXBuildFile; fileRef = 7D531E811D82764A00DC0B6A /* Item+CoreDataClass.swift */; };
		7D531E8A1D82764A00DC0B6A /* Item+CoreDataProperties.swift in Sources */ = {isa = PBXBuildFile; fileRef = 7D531E821D82764A00DC0B6A /* Item+CoreDataProperties.swift */; };
		7D531E8B1D82764A00DC0B6A /* Image+CoreDataClass.swift in Sources */ = {isa = PBXBuildFile; fileRef = 7D531E831D82764A00DC0B6A /* Image+CoreDataClass.swift */; };
		7D531E8C1D82764A00DC0B6A /* Image+CoreDataProperties.swift in Sources */ = {isa = PBXBuildFile; fileRef = 7D531E841D82764A00DC0B6A /* Image+CoreDataProperties.swift */; };
		7D531E8D1D82764A00DC0B6A /* ItemType+CoreDataClass.swift in Sources */ = {isa = PBXBuildFile; fileRef = 7D531E851D82764A00DC0B6A /* ItemType+CoreDataClass.swift */; };
		7D531E8E1D82764A00DC0B6A /* ItemType+CoreDataProperties.swift in Sources */ = {isa = PBXBuildFile; fileRef = 7D531E861D82764A00DC0B6A /* ItemType+CoreDataProperties.swift */; };
		7D531E8F1D82764A00DC0B6A /* Store+CoreDataClass.swift in Sources */ = {isa = PBXBuildFile; fileRef = 7D531E871D82764A00DC0B6A /* Store+CoreDataClass.swift */; };
		7D531E901D82764A00DC0B6A /* Store+CoreDataProperties.swift in Sources */ = {isa = PBXBuildFile; fileRef = 7D531E881D82764A00DC0B6A /* Store+CoreDataProperties.swift */; };
		7D531E961D827D0A00DC0B6A /* MaterialView.swift in Sources */ = {isa = PBXBuildFile; fileRef = 7D531E951D827D0A00DC0B6A /* MaterialView.swift */; };
		7D531E981D827F5D00DC0B6A /* ItemCell.swift in Sources */ = {isa = PBXBuildFile; fileRef = 7D531E971D827F5D00DC0B6A /* ItemCell.swift */; };
		7D531E9A1D84C98100DC0B6A /* ItemDetailVC.swift in Sources */ = {isa = PBXBuildFile; fileRef = 7D531E991D84C98100DC0B6A /* ItemDetailVC.swift */; };
		7DC9477D1D92200700DAD066 /* CustomTextField.swift in Sources */ = {isa = PBXBuildFile; fileRef = 7DC9477C1D92200700DAD066 /* CustomTextField.swift */; };
/* End PBXBuildFile section */

/* Begin PBXFileReference section */
		7D531E691D82719900DC0B6A /* DreamLister.app */ = {isa = PBXFileReference; explicitFileType = wrapper.application; includeInIndex = 0; path = DreamLister.app; sourceTree = BUILT_PRODUCTS_DIR; };
		7D531E6C1D82719A00DC0B6A /* AppDelegate.swift */ = {isa = PBXFileReference; lastKnownFileType = sourcecode.swift; path = AppDelegate.swift; sourceTree = "<group>"; };
		7D531E6E1D82719A00DC0B6A /* MainVC.swift */ = {isa = PBXFileReference; lastKnownFileType = sourcecode.swift; path = MainVC.swift; sourceTree = "<group>"; };
		7D531E711D82719A00DC0B6A /* Base */ = {isa = PBXFileReference; lastKnownFileType = file.storyboard; name = Base; path = Base.lproj/Main.storyboard; sourceTree = "<group>"; };
		7D531E741D82719A00DC0B6A /* DreamLister.xcdatamodel */ = {isa = PBXFileReference; lastKnownFileType = wrapper.xcdatamodel; path = DreamLister.xcdatamodel; sourceTree = "<group>"; };
		7D531E761D82719A00DC0B6A /* Assets.xcassets */ = {isa = PBXFileReference; lastKnownFileType = folder.assetcatalog; path = Assets.xcassets; sourceTree = "<group>"; };
		7D531E791D82719A00DC0B6A /* Base */ = {isa = PBXFileReference; lastKnownFileType = file.storyboard; name = Base; path = Base.lproj/LaunchScreen.storyboard; sourceTree = "<group>"; };
		7D531E7B1D82719A00DC0B6A /* Info.plist */ = {isa = PBXFileReference; lastKnownFileType = text.plist.xml; path = Info.plist; sourceTree = "<group>"; };
		7D531E811D82764A00DC0B6A /* Item+CoreDataClass.swift */ = {isa = PBXFileReference; fileEncoding = 4; lastKnownFileType = sourcecode.swift; path = "Item+CoreDataClass.swift"; sourceTree = "<group>"; };
		7D531E821D82764A00DC0B6A /* Item+CoreDataProperties.swift */ = {isa = PBXFileReference; fileEncoding = 4; lastKnownFileType = sourcecode.swift; path = "Item+CoreDataProperties.swift"; sourceTree = "<group>"; };
		7D531E831D82764A00DC0B6A /* Image+CoreDataClass.swift */ = {isa = PBXFileReference; fileEncoding = 4; lastKnownFileType = sourcecode.swift; path = "Image+CoreDataClass.swift"; sourceTree = "<group>"; };
		7D531E841D82764A00DC0B6A /* Image+CoreDataProperties.swift */ = {isa = PBXFileReference; fileEncoding = 4; lastKnownFileType = sourcecode.swift; path = "Image+CoreDataProperties.swift"; sourceTree = "<group>"; };
		7D531E851D82764A00DC0B6A /* ItemType+CoreDataClass.swift */ = {isa = PBXFileReference; fileEncoding = 4; lastKnownFileType = sourcecode.swift; path = "ItemType+CoreDataClass.swift"; sourceTree = "<group>"; };
		7D531E861D82764A00DC0B6A /* ItemType+CoreDataProperties.swift */ = {isa = PBXFileReference; fileEncoding = 4; lastKnownFileType = sourcecode.swift; path = "ItemType+CoreDataProperties.swift"; sourceTree = "<group>"; };
		7D531E871D82764A00DC0B6A /* Store+CoreDataClass.swift */ = {isa = PBXFileReference; fileEncoding = 4; lastKnownFileType = sourcecode.swift; path = "Store+CoreDataClass.swift"; sourceTree = "<group>"; };
		7D531E881D82764A00DC0B6A /* Store+CoreDataProperties.swift */ = {isa = PBXFileReference; fileEncoding = 4; lastKnownFileType = sourcecode.swift; path = "Store+CoreDataProperties.swift"; sourceTree = "<group>"; };
		7D531E951D827D0A00DC0B6A /* MaterialView.swift */ = {isa = PBXFileReference; fileEncoding = 4; lastKnownFileType = sourcecode.swift; path = MaterialView.swift; sourceTree = "<group>"; };
		7D531E971D827F5D00DC0B6A /* ItemCell.swift */ = {isa = PBXFileReference; fileEncoding = 4; lastKnownFileType = sourcecode.swift; path = ItemCell.swift; sourceTree = "<group>"; };
		7D531E991D84C98100DC0B6A /* ItemDetailVC.swift */ = {isa = PBXFileReference; fileEncoding = 4; lastKnownFileType = sourcecode.swift; path = ItemDetailVC.swift; sourceTree = "<group>"; };
		7DC9477C1D92200700DAD066 /* CustomTextField.swift */ = {isa = PBXFileReference; fileEncoding = 4; lastKnownFileType = sourcecode.swift; path = CustomTextField.swift; sourceTree = "<group>"; };
/* End PBXFileReference section */

/* Begin PBXFrameworksBuildPhase section */
		7D531E661D82719900DC0B6A /* Frameworks */ = {
			isa = PBXFrameworksBuildPhase;
			buildActionMask = 2147483647;
			files = (
			);
			runOnlyForDeploymentPostprocessing = 0;
		};
/* End PBXFrameworksBuildPhase section */

/* Begin PBXGroup section */
		7D531E601D82719900DC0B6A = {
			isa = PBXGroup;
			children = (
				7D531E6B1D82719900DC0B6A /* DreamLister */,
				7D531E6A1D82719900DC0B6A /* Products */,
			);
			sourceTree = "<group>";
		};
		7D531E6A1D82719900DC0B6A /* Products */ = {
			isa = PBXGroup;
			children = (
				7D531E691D82719900DC0B6A /* DreamLister.app */,
			);
			name = Products;
			sourceTree = "<group>";
		};
		7D531E6B1D82719900DC0B6A /* DreamLister */ = {
			isa = PBXGroup;
			children = (
				7D531E931D82768000DC0B6A /* Controller */,
				7D531E921D82767B00DC0B6A /* View */,
				7D531E911D82767500DC0B6A /* Model */,
				7DC9477C1D92200700DAD066 /* CustomTextField.swift */,
				7D531E6C1D82719A00DC0B6A /* AppDelegate.swift */,
				7D531E701D82719A00DC0B6A /* Main.storyboard */,
				7D531E761D82719A00DC0B6A /* Assets.xcassets */,
				7D531E781D82719A00DC0B6A /* LaunchScreen.storyboard */,
				7D531E7B1D82719A00DC0B6A /* Info.plist */,
				7D531E731D82719A00DC0B6A /* DreamLister.xcdatamodeld */,
			);
			path = DreamLister;
			sourceTree = "<group>";
		};
		7D531E911D82767500DC0B6A /* Model */ = {
			isa = PBXGroup;
			children = (
				7D531E811D82764A00DC0B6A /* Item+CoreDataClass.swift */,
				7D531E831D82764A00DC0B6A /* Image+CoreDataClass.swift */,
				7D531E851D82764A00DC0B6A /* ItemType+CoreDataClass.swift */,
				7D531E871D82764A00DC0B6A /* Store+CoreDataClass.swift */,
				7D531E941D8276A500DC0B6A /* Generated */,
			);
			name = Model;
			sourceTree = "<group>";
		};
		7D531E921D82767B00DC0B6A /* View */ = {
			isa = PBXGroup;
			children = (
				7D531E951D827D0A00DC0B6A /* MaterialView.swift */,
				7D531E971D827F5D00DC0B6A /* ItemCell.swift */,
			);
			name = View;
			sourceTree = "<group>";
		};
		7D531E931D82768000DC0B6A /* Controller */ = {
			isa = PBXGroup;
			children = (
				7D531E6E1D82719A00DC0B6A /* MainVC.swift */,
				7D531E991D84C98100DC0B6A /* ItemDetailVC.swift */,
			);
			name = Controller;
			sourceTree = "<group>";
		};
		7D531E941D8276A500DC0B6A /* Generated */ = {
			isa = PBXGroup;
			children = (
				7D531E821D82764A00DC0B6A /* Item+CoreDataProperties.swift */,
				7D531E841D82764A00DC0B6A /* Image+CoreDataProperties.swift */,
				7D531E861D82764A00DC0B6A /* ItemType+CoreDataProperties.swift */,
				7D531E881D82764A00DC0B6A /* Store+CoreDataProperties.swift */,
			);
			name = Generated;
			sourceTree = "<group>";
		};
/* End PBXGroup section */

/* Begin PBXNativeTarget section */
		7D531E681D82719900DC0B6A /* DreamLister */ = {
			isa = PBXNativeTarget;
			buildConfigurationList = 7D531E7E1D82719A00DC0B6A /* Build configuration list for PBXNativeTarget "DreamLister" */;
			buildPhases = (
				7D531E651D82719900DC0B6A /* Sources */,
				7D531E661D82719900DC0B6A /* Frameworks */,
				7D531E671D82719900DC0B6A /* Resources */,
			);
			buildRules = (
			);
			dependencies = (
			);
			name = DreamLister;
			productName = DreamLister;
			productReference = 7D531E691D82719900DC0B6A /* DreamLister.app */;
			productType = "com.apple.product-type.application";
		};
/* End PBXNativeTarget section */

/* Begin PBXProject section */
		7D531E611D82719900DC0B6A /* Project object */ = {
			isa = PBXProject;
			attributes = {
				LastSwiftUpdateCheck = 0800;
				LastUpgradeCheck = 0800;
				ORGANIZATIONNAME = "Anthony Washington";
				TargetAttributes = {
					7D531E681D82719900DC0B6A = {
						CreatedOnToolsVersion = 8.0;
						DevelopmentTeam = 767BA8E22K;
						ProvisioningStyle = Automatic;
					};
				};
			};
			buildConfigurationList = 7D531E641D82719900DC0B6A /* Build configuration list for PBXProject "DreamLister" */;
			compatibilityVersion = "Xcode 3.2";
			developmentRegion = English;
			hasScannedForEncodings = 0;
			knownRegions = (
				en,
				Base,
			);
			mainGroup = 7D531E601D82719900DC0B6A;
			productRefGroup = 7D531E6A1D82719900DC0B6A /* Products */;
			projectDirPath = "";
			projectRoot = "";
			targets = (
				7D531E681D82719900DC0B6A /* DreamLister */,
			);
		};
/* End PBXProject section */

/* Begin PBXResourcesBuildPhase section */
		7D531E671D82719900DC0B6A /* Resources */ = {
			isa = PBXResourcesBuildPhase;
			buildActionMask = 2147483647;
			files = (
				7D531E7A1D82719A00DC0B6A /* LaunchScreen.storyboard in Resources */,
				7D531E771D82719A00DC0B6A /* Assets.xcassets in Resources */,
				7D531E721D82719A00DC0B6A /* Main.storyboard in Resources */,
			);
			runOnlyForDeploymentPostprocessing = 0;
		};
/* End PBXResourcesBuildPhase section */

/* Begin PBXSourcesBuildPhase section */
		7D531E651D82719900DC0B6A /* Sources */ = {
			isa = PBXSourcesBuildPhase;
			buildActionMask = 2147483647;
			files = (
				7D531E981D827F5D00DC0B6A /* ItemCell.swift in Sources */,
				7D531E6F1D82719A00DC0B6A /* MainVC.swift in Sources */,
				7D531E6D1D82719A00DC0B6A /* AppDelegate.swift in Sources */,
				7D531E8E1D82764A00DC0B6A /* ItemType+CoreDataProperties.swift in Sources */,
				7DC9477D1D92200700DAD066 /* CustomTextField.swift in Sources */,
				7D531E961D827D0A00DC0B6A /* MaterialView.swift in Sources */,
				7D531E891D82764A00DC0B6A /* Item+CoreDataClass.swift in Sources */,
				7D531E901D82764A00DC0B6A /* Store+CoreDataProperties.swift in Sources */,
				7D531E8B1D82764A00DC0B6A /* Image+CoreDataClass.swift in Sources */,
				7D531E8D1D82764A00DC0B6A /* ItemType+CoreDataClass.swift in Sources */,
				7D531E751D82719A00DC0B6A /* DreamLister.xcdatamodeld in Sources */,
				7D531E9A1D84C98100DC0B6A /* ItemDetailVC.swift in Sources */,
				7D531E8F1D82764A00DC0B6A /* Store+CoreDataClass.swift in Sources */,
				7D531E8A1D82764A00DC0B6A /* Item+CoreDataProperties.swift in Sources */,
				7D531E8C1D82764A00DC0B6A /* Image+CoreDataProperties.swift in Sources */,
			);
			runOnlyForDeploymentPostprocessing = 0;
		};
/* End PBXSourcesBuildPhase section */

/* Begin PBXVariantGroup section */
		7D531E701D82719A00DC0B6A /* Main.storyboard */ = {
			isa = PBXVariantGroup;
			children = (
				7D531E711D82719A00DC0B6A /* Base */,
			);
			name = Main.storyboard;
			sourceTree = "<group>";
		};
		7D531E781D82719A00DC0B6A /* LaunchScreen.storyboard */ = {
			isa = PBXVariantGroup;
			children = (
				7D531E791D82719A00DC0B6A /* Base */,
			);
			name = LaunchScreen.storyboard;
			sourceTree = "<group>";
		};
/* End PBXVariantGroup section */

/* Begin XCBuildConfiguration section */
		7D531E7C1D82719A00DC0B6A /* Debug */ = {
			isa = XCBuildConfiguration;
			buildSettings = {
				ALWAYS_SEARCH_USER_PATHS = NO;
				CLANG_ANALYZER_NONNULL = YES;
				CLANG_CXX_LANGUAGE_STANDARD = "gnu++0x";
				CLANG_CXX_LIBRARY = "libc++";
				CLANG_ENABLE_MODULES = YES;
				CLANG_ENABLE_OBJC_ARC = YES;
				CLANG_WARN_BOOL_CONVERSION = YES;
				CLANG_WARN_CONSTANT_CONVERSION = YES;
				CLANG_WARN_DIRECT_OBJC_ISA_USAGE = YES_ERROR;
				CLANG_WARN_DOCUMENTATION_COMMENTS = YES;
				CLANG_WARN_EMPTY_BODY = YES;
				CLANG_WARN_ENUM_CONVERSION = YES;
				CLANG_WARN_INFINITE_RECURSION = YES;
				CLANG_WARN_INT_CONVERSION = YES;
				CLANG_WARN_OBJC_ROOT_CLASS = YES_ERROR;
				CLANG_WARN_SUSPICIOUS_MOVES = YES;
				CLANG_WARN_UNREACHABLE_CODE = YES;
				CLANG_WARN__DUPLICATE_METHOD_MATCH = YES;
				"CODE_SIGN_IDENTITY[sdk=iphoneos*]" = "iPhone Developer";
				COPY_PHASE_STRIP = NO;
				DEBUG_INFORMATION_FORMAT = dwarf;
				ENABLE_STRICT_OBJC_MSGSEND = YES;
				ENABLE_TESTABILITY = YES;
				GCC_C_LANGUAGE_STANDARD = gnu99;
				GCC_DYNAMIC_NO_PIC = NO;
				GCC_NO_COMMON_BLOCKS = YES;
				GCC_OPTIMIZATION_LEVEL = 0;
				GCC_PREPROCESSOR_DEFINITIONS = (
					"DEBUG=1",
					"$(inherited)",
				);
				GCC_WARN_64_TO_32_BIT_CONVERSION = YES;
				GCC_WARN_ABOUT_RETURN_TYPE = YES_ERROR;
				GCC_WARN_UNDECLARED_SELECTOR = YES;
				GCC_WARN_UNINITIALIZED_AUTOS = YES_AGGRESSIVE;
				GCC_WARN_UNUSED_FUNCTION = YES;
				GCC_WARN_UNUSED_VARIABLE = YES;
				IPHONEOS_DEPLOYMENT_TARGET = 10.0;
				MTL_ENABLE_DEBUG_INFO = YES;
				ONLY_ACTIVE_ARCH = YES;
				SDKROOT = iphoneos;
				SWIFT_ACTIVE_COMPILATION_CONDITIONS = DEBUG;
				SWIFT_OPTIMIZATION_LEVEL = "-Onone";
			};
			name = Debug;
		};
		7D531E7D1D82719A00DC0B6A /* Release */ = {
			isa = XCBuildConfiguration;
			buildSettings = {
				ALWAYS_SEARCH_USER_PATHS = NO;
				CLANG_ANALYZER_NONNULL = YES;
				CLANG_CXX_LANGUAGE_STANDARD = "gnu++0x";
				CLANG_CXX_LIBRARY = "libc++";
				CLANG_ENABLE_MODULES = YES;
				CLANG_ENABLE_OBJC_ARC = YES;
				CLANG_WARN_BOOL_CONVERSION = YES;
				CLANG_WARN_CONSTANT_CONVERSION = YES;
				CLANG_WARN_DIRECT_OBJC_ISA_USAGE = YES_ERROR;
				CLANG_WARN_DOCUMENTATION_COMMENTS = YES;
				CLANG_WARN_EMPTY_BODY = YES;
				CLANG_WARN_ENUM_CONVERSION = YES;
				CLANG_WARN_INFINITE_RECURSION = YES;
				CLANG_WARN_INT_CONVERSION = YES;
				CLANG_WARN_OBJC_ROOT_CLASS = YES_ERROR;
				CLANG_WARN_SUSPICIOUS_MOVES = YES;
				CLANG_WARN_UNREACHABLE_CODE = YES;
				CLANG_WARN__DUPLICATE_METHOD_MATCH = YES;
				"CODE_SIGN_IDENTITY[sdk=iphoneos*]" = "iPhone Developer";
				COPY_PHASE_STRIP = NO;
				DEBUG_INFORMATION_FORMAT = "dwarf-with-dsym";
				ENABLE_NS_ASSERTIONS = NO;
				ENABLE_STRICT_OBJC_MSGSEND = YES;
				GCC_C_LANGUAGE_STANDARD = gnu99;
				GCC_NO_COMMON_BLOCKS = YES;
				GCC_WARN_64_TO_32_BIT_CONVERSION = YES;
				GCC_WARN_ABOUT_RETURN_TYPE = YES_ERROR;
				GCC_WARN_UNDECLARED_SELECTOR = YES;
				GCC_WARN_UNINITIALIZED_AUTOS = YES_AGGRESSIVE;
				GCC_WARN_UNUSED_FUNCTION = YES;
				GCC_WARN_UNUSED_VARIABLE = YES;
				IPHONEOS_DEPLOYMENT_TARGET = 10.0;
				MTL_ENABLE_DEBUG_INFO = NO;
				SDKROOT = iphoneos;
				SWIFT_OPTIMIZATION_LEVEL = "-Owholemodule";
				VALIDATE_PRODUCT = YES;
			};
			name = Release;
		};
		7D531E7F1D82719A00DC0B6A /* Debug */ = {
			isa = XCBuildConfiguration;
			buildSettings = {
				ASSETCATALOG_COMPILER_APPICON_NAME = AppIcon;
				DEVELOPMENT_TEAM = 767BA8E22K;
				INFOPLIST_FILE = DreamLister/Info.plist;
				LD_RUNPATH_SEARCH_PATHS = "$(inherited) @executable_path/Frameworks";
				PRODUCT_BUNDLE_IDENTIFIER = antwash.DreamLister;
				PRODUCT_NAME = "$(TARGET_NAME)";
				SWIFT_VERSION = 3.0;
			};
			name = Debug;
		};
		7D531E801D82719A00DC0B6A /* Release */ = {
			isa = XCBuildConfiguration;
			buildSettings = {
				ASSETCATALOG_COMPILER_APPICON_NAME = AppIcon;
				DEVELOPMENT_TEAM = 767BA8E22K;
				INFOPLIST_FILE = DreamLister/Info.plist;
				LD_RUNPATH_SEARCH_PATHS = "$(inherited) @executable_path/Frameworks";
				PRODUCT_BUNDLE_IDENTIFIER = antwash.DreamLister;
				PRODUCT_NAME = "$(TARGET_NAME)";
				SWIFT_VERSION = 3.0;
			};
			name = Release;
		};
/* End XCBuildConfiguration section */

/* Begin XCConfigurationList section */
		7D531E641D82719900DC0B6A /* Build configuration list for PBXProject "DreamLister" */ = {
			isa = XCConfigurationList;
			buildConfigurations = (
				7D531E7C1D82719A00DC0B6A /* Debug */,
				7D531E7D1D82719A00DC0B6A /* Release */,
			);
			defaultConfigurationIsVisible = 0;
			defaultConfigurationName = Release;
		};
		7D531E7E1D82719A00DC0B6A /* Build configuration list for PBXNativeTarget "DreamLister" */ = {
			isa = XCConfigurationList;
			buildConfigurations = (
				7D531E7F1D82719A00DC0B6A /* Debug */,
				7D531E801D82719A00DC0B6A /* Release */,
			);
			defaultConfigurationIsVisible = 0;
			defaultConfigurationName = Release;
		};
/* End XCConfigurationList section */

/* Begin XCVersionGroup section */
		7D531E731D82719A00DC0B6A /* DreamLister.xcdatamodeld */ = {
			isa = XCVersionGroup;
			children = (
				7D531E741D82719A00DC0B6A /* DreamLister.xcdatamodel */,
			);
			currentVersion = 7D531E741D82719A00DC0B6A /* DreamLister.xcdatamodel */;
			path = DreamLister.xcdatamodeld;
			sourceTree = "<group>";
			versionGroupType = wrapper.xcdatamodel;
		};
/* End XCVersionGroup section */
	};
	rootObject = 7D531E611D82719900DC0B6A /* Project object */;
}
