// !$*UTF8*$!
{
	archiveVersion = 1;
	classes = {
	};
	objectVersion = 46;
	objects = {

/* Begin PBXBuildFile section */
		7DBF067D1D5C218300592972 /* AppDelegate.swift in Sources */ = {isa = PBXBuildFile; fileRef = 7DBF067C1D5C218300592972 /* AppDelegate.swift */; };
		7DBF067F1D5C218300592972 /* ViewController.swift in Sources */ = {isa = PBXBuildFile; fileRef = 7DBF067E1D5C218300592972 /* ViewController.swift */; };
		7DBF06821D5C218300592972 /* Main.storyboard in Resources */ = {isa = PBXBuildFile; fileRef = 7DBF06801D5C218300592972 /* Main.storyboard */; };
		7DBF06841D5C218300592972 /* Assets.xcassets in Resources */ = {isa = PBXBuildFile; fileRef = 7DBF06831D5C218300592972 /* Assets.xcassets */; };
		7DBF06871D5C218300592972 /* LaunchScreen.storyboard in Resources */ = {isa = PBXBuildFile; fileRef = 7DBF06851D5C218300592972 /* LaunchScreen.storyboard */; };
		7DBF06921D5C218400592972 /* TippingCalTests.swift in Sources */ = {isa = PBXBuildFile; fileRef = 7DBF06911D5C218400592972 /* TippingCalTests.swift */; };
		7DBF069D1D5C218400592972 /* TippingCalUITests.swift in Sources */ = {isa = PBXBuildFile; fileRef = 7DBF069C1D5C218400592972 /* TippingCalUITests.swift */; };
		7DBF06AE1D5C2E3F00592972 /* TipCalModel.swift in Sources */ = {isa = PBXBuildFile; fileRef = 7DBF06AD1D5C2E3F00592972 /* TipCalModel.swift */; };
/* End PBXBuildFile section */

/* Begin PBXContainerItemProxy section */
		7DBF068E1D5C218400592972 /* PBXContainerItemProxy */ = {
			isa = PBXContainerItemProxy;
			containerPortal = 7DBF06711D5C218300592972 /* Project object */;
			proxyType = 1;
			remoteGlobalIDString = 7DBF06781D5C218300592972;
			remoteInfo = TippingCal;
		};
		7DBF06991D5C218400592972 /* PBXContainerItemProxy */ = {
			isa = PBXContainerItemProxy;
			containerPortal = 7DBF06711D5C218300592972 /* Project object */;
			proxyType = 1;
			remoteGlobalIDString = 7DBF06781D5C218300592972;
			remoteInfo = TippingCal;
		};
/* End PBXContainerItemProxy section */

/* Begin PBXFileReference section */
		7DBF06791D5C218300592972 /* TippingCal.app */ = {isa = PBXFileReference; explicitFileType = wrapper.application; includeInIndex = 0; path = TippingCal.app; sourceTree = BUILT_PRODUCTS_DIR; };
		7DBF067C1D5C218300592972 /* AppDelegate.swift */ = {isa = PBXFileReference; lastKnownFileType = sourcecode.swift; path = AppDelegate.swift; sourceTree = "<group>"; };
		7DBF067E1D5C218300592972 /* ViewController.swift */ = {isa = PBXFileReference; lastKnownFileType = sourcecode.swift; name = ViewController.swift; path = TippingCal/ViewController.swift; sourceTree = "<group>"; };
		7DBF06811D5C218300592972 /* Base */ = {isa = PBXFileReference; lastKnownFileType = file.storyboard; name = Base; path = Base.lproj/Main.storyboard; sourceTree = "<group>"; };
		7DBF06831D5C218300592972 /* Assets.xcassets */ = {isa = PBXFileReference; lastKnownFileType = folder.assetcatalog; path = Assets.xcassets; sourceTree = "<group>"; };
		7DBF06861D5C218300592972 /* Base */ = {isa = PBXFileReference; lastKnownFileType = file.storyboard; name = Base; path = Base.lproj/LaunchScreen.storyboard; sourceTree = "<group>"; };
		7DBF06881D5C218300592972 /* Info.plist */ = {isa = PBXFileReference; lastKnownFileType = text.plist.xml; path = Info.plist; sourceTree = "<group>"; };
		7DBF068D1D5C218400592972 /* TippingCalTests.xctest */ = {isa = PBXFileReference; explicitFileType = wrapper.cfbundle; includeInIndex = 0; path = TippingCalTests.xctest; sourceTree = BUILT_PRODUCTS_DIR; };
		7DBF06911D5C218400592972 /* TippingCalTests.swift */ = {isa = PBXFileReference; lastKnownFileType = sourcecode.swift; path = TippingCalTests.swift; sourceTree = "<group>"; };
		7DBF06931D5C218400592972 /* Info.plist */ = {isa = PBXFileReference; lastKnownFileType = text.plist.xml; path = Info.plist; sourceTree = "<group>"; };
		7DBF06981D5C218400592972 /* TippingCalUITests.xctest */ = {isa = PBXFileReference; explicitFileType = wrapper.cfbundle; includeInIndex = 0; path = TippingCalUITests.xctest; sourceTree = BUILT_PRODUCTS_DIR; };
		7DBF069C1D5C218400592972 /* TippingCalUITests.swift */ = {isa = PBXFileReference; lastKnownFileType = sourcecode.swift; path = TippingCalUITests.swift; sourceTree = "<group>"; };
		7DBF069E1D5C218400592972 /* Info.plist */ = {isa = PBXFileReference; lastKnownFileType = text.plist.xml; path = Info.plist; sourceTree = "<group>"; };
		7DBF06AD1D5C2E3F00592972 /* TipCalModel.swift */ = {isa = PBXFileReference; fileEncoding = 4; lastKnownFileType = sourcecode.swift; path = TipCalModel.swift; sourceTree = "<group>"; };
/* End PBXFileReference section */

/* Begin PBXFrameworksBuildPhase section */
		7DBF06761D5C218300592972 /* Frameworks */ = {
			isa = PBXFrameworksBuildPhase;
			buildActionMask = 2147483647;
			files = (
			);
			runOnlyForDeploymentPostprocessing = 0;
		};
		7DBF068A1D5C218400592972 /* Frameworks */ = {
			isa = PBXFrameworksBuildPhase;
			buildActionMask = 2147483647;
			files = (
			);
			runOnlyForDeploymentPostprocessing = 0;
		};
		7DBF06951D5C218400592972 /* Frameworks */ = {
			isa = PBXFrameworksBuildPhase;
			buildActionMask = 2147483647;
			files = (
			);
			runOnlyForDeploymentPostprocessing = 0;
		};
/* End PBXFrameworksBuildPhase section */

/* Begin PBXGroup section */
		7DBF06701D5C218300592972 = {
			isa = PBXGroup;
			children = (
				7DBF06AC1D5C2DF000592972 /* Controller */,
				7DBF06AA1D5C2DDF00592972 /* Model */,
				7DBF067A1D5C218300592972 /* Products */,
				7DBF067B1D5C218300592972 /* TippingCal */,
				7DBF06901D5C218400592972 /* TippingCalTests */,
				7DBF069B1D5C218400592972 /* TippingCalUITests */,
				7DBF06AB1D5C2DEB00592972 /* View */,
			);
			sourceTree = "<group>";
		};
		7DBF067A1D5C218300592972 /* Products */ = {
			isa = PBXGroup;
			children = (
				7DBF06791D5C218300592972 /* TippingCal.app */,
				7DBF068D1D5C218400592972 /* TippingCalTests.xctest */,
				7DBF06981D5C218400592972 /* TippingCalUITests.xctest */,
			);
			name = Products;
			sourceTree = "<group>";
		};
		7DBF067B1D5C218300592972 /* TippingCal */ = {
			isa = PBXGroup;
			children = (
				7DBF067C1D5C218300592972 /* AppDelegate.swift */,
				7DBF06801D5C218300592972 /* Main.storyboard */,
				7DBF06831D5C218300592972 /* Assets.xcassets */,
				7DBF06851D5C218300592972 /* LaunchScreen.storyboard */,
				7DBF06881D5C218300592972 /* Info.plist */,
			);
			path = TippingCal;
			sourceTree = "<group>";
		};
		7DBF06901D5C218400592972 /* TippingCalTests */ = {
			isa = PBXGroup;
			children = (
				7DBF06911D5C218400592972 /* TippingCalTests.swift */,
				7DBF06931D5C218400592972 /* Info.plist */,
			);
			path = TippingCalTests;
			sourceTree = "<group>";
		};
		7DBF069B1D5C218400592972 /* TippingCalUITests */ = {
			isa = PBXGroup;
			children = (
				7DBF069C1D5C218400592972 /* TippingCalUITests.swift */,
				7DBF069E1D5C218400592972 /* Info.plist */,
			);
			path = TippingCalUITests;
			sourceTree = "<group>";
		};
		7DBF06AA1D5C2DDF00592972 /* Model */ = {
			isa = PBXGroup;
			children = (
				7DBF06AD1D5C2E3F00592972 /* TipCalModel.swift */,
			);
			name = Model;
			sourceTree = "<group>";
		};
		7DBF06AB1D5C2DEB00592972 /* View */ = {
			isa = PBXGroup;
			children = (
			);
			name = View;
			sourceTree = "<group>";
		};
		7DBF06AC1D5C2DF000592972 /* Controller */ = {
			isa = PBXGroup;
			children = (
				7DBF067E1D5C218300592972 /* ViewController.swift */,
			);
			name = Controller;
			sourceTree = "<group>";
		};
/* End PBXGroup section */

/* Begin PBXNativeTarget section */
		7DBF06781D5C218300592972 /* TippingCal */ = {
			isa = PBXNativeTarget;
			buildConfigurationList = 7DBF06A11D5C218400592972 /* Build configuration list for PBXNativeTarget "TippingCal" */;
			buildPhases = (
				7DBF06751D5C218300592972 /* Sources */,
				7DBF06761D5C218300592972 /* Frameworks */,
				7DBF06771D5C218300592972 /* Resources */,
			);
			buildRules = (
			);
			dependencies = (
			);
			name = TippingCal;
			productName = TippingCal;
			productReference = 7DBF06791D5C218300592972 /* TippingCal.app */;
			productType = "com.apple.product-type.application";
		};
		7DBF068C1D5C218400592972 /* TippingCalTests */ = {
			isa = PBXNativeTarget;
			buildConfigurationList = 7DBF06A41D5C218400592972 /* Build configuration list for PBXNativeTarget "TippingCalTests" */;
			buildPhases = (
				7DBF06891D5C218400592972 /* Sources */,
				7DBF068A1D5C218400592972 /* Frameworks */,
				7DBF068B1D5C218400592972 /* Resources */,
			);
			buildRules = (
			);
			dependencies = (
				7DBF068F1D5C218400592972 /* PBXTargetDependency */,
			);
			name = TippingCalTests;
			productName = TippingCalTests;
			productReference = 7DBF068D1D5C218400592972 /* TippingCalTests.xctest */;
			productType = "com.apple.product-type.bundle.unit-test";
		};
		7DBF06971D5C218400592972 /* TippingCalUITests */ = {
			isa = PBXNativeTarget;
			buildConfigurationList = 7DBF06A71D5C218400592972 /* Build configuration list for PBXNativeTarget "TippingCalUITests" */;
			buildPhases = (
				7DBF06941D5C218400592972 /* Sources */,
				7DBF06951D5C218400592972 /* Frameworks */,
				7DBF06961D5C218400592972 /* Resources */,
			);
			buildRules = (
			);
			dependencies = (
				7DBF069A1D5C218400592972 /* PBXTargetDependency */,
			);
			name = TippingCalUITests;
			productName = TippingCalUITests;
			productReference = 7DBF06981D5C218400592972 /* TippingCalUITests.xctest */;
			productType = "com.apple.product-type.bundle.ui-testing";
		};
/* End PBXNativeTarget section */

/* Begin PBXProject section */
		7DBF06711D5C218300592972 /* Project object */ = {
			isa = PBXProject;
			attributes = {
				LastSwiftUpdateCheck = 0730;
				LastUpgradeCheck = 0730;
				ORGANIZATIONNAME = "Anthony Washington";
				TargetAttributes = {
					7DBF06781D5C218300592972 = {
						CreatedOnToolsVersion = 7.3.1;
					};
					7DBF068C1D5C218400592972 = {
						CreatedOnToolsVersion = 7.3.1;
						TestTargetID = 7DBF06781D5C218300592972;
					};
					7DBF06971D5C218400592972 = {
						CreatedOnToolsVersion = 7.3.1;
						TestTargetID = 7DBF06781D5C218300592972;
					};
				};
			};
			buildConfigurationList = 7DBF06741D5C218300592972 /* Build configuration list for PBXProject "TippingCal" */;
			compatibilityVersion = "Xcode 3.2";
			developmentRegion = English;
			hasScannedForEncodings = 0;
			knownRegions = (
				en,
				Base,
			);
			mainGroup = 7DBF06701D5C218300592972;
			productRefGroup = 7DBF067A1D5C218300592972 /* Products */;
			projectDirPath = "";
			projectRoot = "";
			targets = (
				7DBF06781D5C218300592972 /* TippingCal */,
				7DBF068C1D5C218400592972 /* TippingCalTests */,
				7DBF06971D5C218400592972 /* TippingCalUITests */,
			);
		};
/* End PBXProject section */

/* Begin PBXResourcesBuildPhase section */
		7DBF06771D5C218300592972 /* Resources */ = {
			isa = PBXResourcesBuildPhase;
			buildActionMask = 2147483647;
			files = (
				7DBF06871D5C218300592972 /* LaunchScreen.storyboard in Resources */,
				7DBF06841D5C218300592972 /* Assets.xcassets in Resources */,
				7DBF06821D5C218300592972 /* Main.storyboard in Resources */,
			);
			runOnlyForDeploymentPostprocessing = 0;
		};
		7DBF068B1D5C218400592972 /* Resources */ = {
			isa = PBXResourcesBuildPhase;
			buildActionMask = 2147483647;
			files = (
			);
			runOnlyForDeploymentPostprocessing = 0;
		};
		7DBF06961D5C218400592972 /* Resources */ = {
			isa = PBXResourcesBuildPhase;
			buildActionMask = 2147483647;
			files = (
			);
			runOnlyForDeploymentPostprocessing = 0;
		};
/* End PBXResourcesBuildPhase section */

/* Begin PBXSourcesBuildPhase section */
		7DBF06751D5C218300592972 /* Sources */ = {
			isa = PBXSourcesBuildPhase;
			buildActionMask = 2147483647;
			files = (
				7DBF06AE1D5C2E3F00592972 /* TipCalModel.swift in Sources */,
				7DBF067F1D5C218300592972 /* ViewController.swift in Sources */,
				7DBF067D1D5C218300592972 /* AppDelegate.swift in Sources */,
			);
			runOnlyForDeploymentPostprocessing = 0;
		};
		7DBF06891D5C218400592972 /* Sources */ = {
			isa = PBXSourcesBuildPhase;
			buildActionMask = 2147483647;
			files = (
				7DBF06921D5C218400592972 /* TippingCalTests.swift in Sources */,
			);
			runOnlyForDeploymentPostprocessing = 0;
		};
		7DBF06941D5C218400592972 /* Sources */ = {
			isa = PBXSourcesBuildPhase;
			buildActionMask = 2147483647;
			files = (
				7DBF069D1D5C218400592972 /* TippingCalUITests.swift in Sources */,
			);
			runOnlyForDeploymentPostprocessing = 0;
		};
/* End PBXSourcesBuildPhase section */

/* Begin PBXTargetDependency section */
		7DBF068F1D5C218400592972 /* PBXTargetDependency */ = {
			isa = PBXTargetDependency;
			target = 7DBF06781D5C218300592972 /* TippingCal */;
			targetProxy = 7DBF068E1D5C218400592972 /* PBXContainerItemProxy */;
		};
		7DBF069A1D5C218400592972 /* PBXTargetDependency */ = {
			isa = PBXTargetDependency;
			target = 7DBF06781D5C218300592972 /* TippingCal */;
			targetProxy = 7DBF06991D5C218400592972 /* PBXContainerItemProxy */;
		};
/* End PBXTargetDependency section */

/* Begin PBXVariantGroup section */
		7DBF06801D5C218300592972 /* Main.storyboard */ = {
			isa = PBXVariantGroup;
			children = (
				7DBF06811D5C218300592972 /* Base */,
			);
			name = Main.storyboard;
			sourceTree = "<group>";
		};
		7DBF06851D5C218300592972 /* LaunchScreen.storyboard */ = {
			isa = PBXVariantGroup;
			children = (
				7DBF06861D5C218300592972 /* Base */,
			);
			name = LaunchScreen.storyboard;
			sourceTree = "<group>";
		};
/* End PBXVariantGroup section */

/* Begin XCBuildConfiguration section */
		7DBF069F1D5C218400592972 /* Debug */ = {
			isa = XCBuildConfiguration;
			buildSettings = {
				ALWAYS_SEARCH_USER_PATHS = NO;
				CLANG_ANALYZER_NONNULL = YES;
				CLANG_CXX_LANGUAGE_STANDARD = "gnu++0x";
				CLANG_CXX_LIBRARY = "libc++";
				CLANG_ENABLE_MODULES = YES;
				CLANG_ENABLE_OBJC_ARC = YES;
				CLANG_WARN_BOOL_CONVERSION = YES;
				CLANG_WARN_CONSTANT_CONVERSION = YES;
				CLANG_WARN_DIRECT_OBJC_ISA_USAGE = YES_ERROR;
				CLANG_WARN_EMPTY_BODY = YES;
				CLANG_WARN_ENUM_CONVERSION = YES;
				CLANG_WARN_INT_CONVERSION = YES;
				CLANG_WARN_OBJC_ROOT_CLASS = YES_ERROR;
				CLANG_WARN_UNREACHABLE_CODE = YES;
				CLANG_WARN__DUPLICATE_METHOD_MATCH = YES;
				"CODE_SIGN_IDENTITY[sdk=iphoneos*]" = "iPhone Developer";
				COPY_PHASE_STRIP = NO;
				DEBUG_INFORMATION_FORMAT = dwarf;
				ENABLE_STRICT_OBJC_MSGSEND = YES;
				ENABLE_TESTABILITY = YES;
				GCC_C_LANGUAGE_STANDARD = gnu99;
				GCC_DYNAMIC_NO_PIC = NO;
				GCC_NO_COMMON_BLOCKS = YES;
				GCC_OPTIMIZATION_LEVEL = 0;
				GCC_PREPROCESSOR_DEFINITIONS = (
					"DEBUG=1",
					"$(inherited)",
				);
				GCC_WARN_64_TO_32_BIT_CONVERSION = YES;
				GCC_WARN_ABOUT_RETURN_TYPE = YES_ERROR;
				GCC_WARN_UNDECLARED_SELECTOR = YES;
				GCC_WARN_UNINITIALIZED_AUTOS = YES_AGGRESSIVE;
				GCC_WARN_UNUSED_FUNCTION = YES;
				GCC_WARN_UNUSED_VARIABLE = YES;
				IPHONEOS_DEPLOYMENT_TARGET = 9.3;
				MTL_ENABLE_DEBUG_INFO = YES;
				ONLY_ACTIVE_ARCH = YES;
				SDKROOT = iphoneos;
				SWIFT_OPTIMIZATION_LEVEL = "-Onone";
				TARGETED_DEVICE_FAMILY = "1,2";
			};
			name = Debug;
		};
		7DBF06A01D5C218400592972 /* Release */ = {
			isa = XCBuildConfiguration;
			buildSettings = {
				ALWAYS_SEARCH_USER_PATHS = NO;
				CLANG_ANALYZER_NONNULL = YES;
				CLANG_CXX_LANGUAGE_STANDARD = "gnu++0x";
				CLANG_CXX_LIBRARY = "libc++";
				CLANG_ENABLE_MODULES = YES;
				CLANG_ENABLE_OBJC_ARC = YES;
				CLANG_WARN_BOOL_CONVERSION = YES;
				CLANG_WARN_CONSTANT_CONVERSION = YES;
				CLANG_WARN_DIRECT_OBJC_ISA_USAGE = YES_ERROR;
				CLANG_WARN_EMPTY_BODY = YES;
				CLANG_WARN_ENUM_CONVERSION = YES;
				CLANG_WARN_INT_CONVERSION = YES;
				CLANG_WARN_OBJC_ROOT_CLASS = YES_ERROR;
				CLANG_WARN_UNREACHABLE_CODE = YES;
				CLANG_WARN__DUPLICATE_METHOD_MATCH = YES;
				"CODE_SIGN_IDENTITY[sdk=iphoneos*]" = "iPhone Developer";
				COPY_PHASE_STRIP = NO;
				DEBUG_INFORMATION_FORMAT = "dwarf-with-dsym";
				ENABLE_NS_ASSERTIONS = NO;
				ENABLE_STRICT_OBJC_MSGSEND = YES;
				GCC_C_LANGUAGE_STANDARD = gnu99;
				GCC_NO_COMMON_BLOCKS = YES;
				GCC_WARN_64_TO_32_BIT_CONVERSION = YES;
				GCC_WARN_ABOUT_RETURN_TYPE = YES_ERROR;
				GCC_WARN_UNDECLARED_SELECTOR = YES;
				GCC_WARN_UNINITIALIZED_AUTOS = YES_AGGRESSIVE;
				GCC_WARN_UNUSED_FUNCTION = YES;
				GCC_WARN_UNUSED_VARIABLE = YES;
				IPHONEOS_DEPLOYMENT_TARGET = 9.3;
				MTL_ENABLE_DEBUG_INFO = NO;
				SDKROOT = iphoneos;
				TARGETED_DEVICE_FAMILY = "1,2";
				VALIDATE_PRODUCT = YES;
			};
			name = Release;
		};
		7DBF06A21D5C218400592972 /* Debug */ = {
			isa = XCBuildConfiguration;
			buildSettings = {
				ASSETCATALOG_COMPILER_APPICON_NAME = AppIcon;
				INFOPLIST_FILE = TippingCal/Info.plist;
				LD_RUNPATH_SEARCH_PATHS = "$(inherited) @executable_path/Frameworks";
				PRODUCT_BUNDLE_IDENTIFIER = antwash.TippingCal;
				PRODUCT_NAME = "$(TARGET_NAME)";
			};
			name = Debug;
		};
		7DBF06A31D5C218400592972 /* Release */ = {
			isa = XCBuildConfiguration;
			buildSettings = {
				ASSETCATALOG_COMPILER_APPICON_NAME = AppIcon;
				INFOPLIST_FILE = TippingCal/Info.plist;
				LD_RUNPATH_SEARCH_PATHS = "$(inherited) @executable_path/Frameworks";
				PRODUCT_BUNDLE_IDENTIFIER = antwash.TippingCal;
				PRODUCT_NAME = "$(TARGET_NAME)";
			};
			name = Release;
		};
		7DBF06A51D5C218400592972 /* Debug */ = {
			isa = XCBuildConfiguration;
			buildSettings = {
				BUNDLE_LOADER = "$(TEST_HOST)";
				INFOPLIST_FILE = TippingCalTests/Info.plist;
				LD_RUNPATH_SEARCH_PATHS = "$(inherited) @executable_path/Frameworks @loader_path/Frameworks";
				PRODUCT_BUNDLE_IDENTIFIER = antwash.TippingCalTests;
				PRODUCT_NAME = "$(TARGET_NAME)";
				TEST_HOST = "$(BUILT_PRODUCTS_DIR)/TippingCal.app/TippingCal";
			};
			name = Debug;
		};
		7DBF06A61D5C218400592972 /* Release */ = {
			isa = XCBuildConfiguration;
			buildSettings = {
				BUNDLE_LOADER = "$(TEST_HOST)";
				INFOPLIST_FILE = TippingCalTests/Info.plist;
				LD_RUNPATH_SEARCH_PATHS = "$(inherited) @executable_path/Frameworks @loader_path/Frameworks";
				PRODUCT_BUNDLE_IDENTIFIER = antwash.TippingCalTests;
				PRODUCT_NAME = "$(TARGET_NAME)";
				TEST_HOST = "$(BUILT_PRODUCTS_DIR)/TippingCal.app/TippingCal";
			};
			name = Release;
		};
		7DBF06A81D5C218400592972 /* Debug */ = {
			isa = XCBuildConfiguration;
			buildSettings = {
				INFOPLIST_FILE = TippingCalUITests/Info.plist;
				LD_RUNPATH_SEARCH_PATHS = "$(inherited) @executable_path/Frameworks @loader_path/Frameworks";
				PRODUCT_BUNDLE_IDENTIFIER = antwash.TippingCalUITests;
				PRODUCT_NAME = "$(TARGET_NAME)";
				TEST_TARGET_NAME = TippingCal;
			};
			name = Debug;
		};
		7DBF06A91D5C218400592972 /* Release */ = {
			isa = XCBuildConfiguration;
			buildSettings = {
				INFOPLIST_FILE = TippingCalUITests/Info.plist;
				LD_RUNPATH_SEARCH_PATHS = "$(inherited) @executable_path/Frameworks @loader_path/Frameworks";
				PRODUCT_BUNDLE_IDENTIFIER = antwash.TippingCalUITests;
				PRODUCT_NAME = "$(TARGET_NAME)";
				TEST_TARGET_NAME = TippingCal;
			};
			name = Release;
		};
/* End XCBuildConfiguration section */

/* Begin XCConfigurationList section */
		7DBF06741D5C218300592972 /* Build configuration list for PBXProject "TippingCal" */ = {
			isa = XCConfigurationList;
			buildConfigurations = (
				7DBF069F1D5C218400592972 /* Debug */,
				7DBF06A01D5C218400592972 /* Release */,
			);
			defaultConfigurationIsVisible = 0;
			defaultConfigurationName = Release;
		};
		7DBF06A11D5C218400592972 /* Build configuration list for PBXNativeTarget "TippingCal" */ = {
			isa = XCConfigurationList;
			buildConfigurations = (
				7DBF06A21D5C218400592972 /* Debug */,
				7DBF06A31D5C218400592972 /* Release */,
			);
			defaultConfigurationIsVisible = 0;
		};
		7DBF06A41D5C218400592972 /* Build configuration list for PBXNativeTarget "TippingCalTests" */ = {
			isa = XCConfigurationList;
			buildConfigurations = (
				7DBF06A51D5C218400592972 /* Debug */,
				7DBF06A61D5C218400592972 /* Release */,
			);
			defaultConfigurationIsVisible = 0;
		};
		7DBF06A71D5C218400592972 /* Build configuration list for PBXNativeTarget "TippingCalUITests" */ = {
			isa = XCConfigurationList;
			buildConfigurations = (
				7DBF06A81D5C218400592972 /* Debug */,
				7DBF06A91D5C218400592972 /* Release */,
			);
			defaultConfigurationIsVisible = 0;
		};
/* End XCConfigurationList section */
	};
	rootObject = 7DBF06711D5C218300592972 /* Project object */;
}
